
Microsoft Visual Studio Solution File, Format Version 12.00
# Visual Studio Version 17
VisualStudioVersion = 17.5.33530.505
MinimumVisualStudioVersion = 10.0.40219.1
Project("{FAE04EC0-301F-11D3-BF4B-00C04F79EFBC}") = "lesson2OOP", "lesson2OOP.csproj", "{891CCA2F-434C-49BE-86E6-618FD1A95403}"
EndProject
Global
	GlobalSection(SolutionConfigurationPlatforms) = preSolution
		Debug|Any CPU = Debug|Any CPU
		Release|Any CPU = Release|Any CPU
	EndGlobalSection
	GlobalSection(ProjectConfigurationPlatforms) = postSolution
		{891CCA2F-434C-49BE-86E6-618FD1A95403}.Debug|Any CPU.ActiveCfg = Debug|Any CPU
		{891CCA2F-434C-49BE-86E6-618FD1A95403}.Debug|Any CPU.Build.0 = Debug|Any CPU
		{891CCA2F-434C-49BE-86E6-618FD1A95403}.Release|Any CPU.ActiveCfg = Release|Any CPU
		{891CCA2F-434C-49BE-86E6-618FD1A95403}.Release|Any CPU.Build.0 = Release|Any CPU
	EndGlobalSection
	GlobalSection(SolutionProperties) = preSolution
		HideSolutionNode = FALSE
	EndGlobalSection
	GlobalSection(ExtensibilityGlobals) = postSolution
		SolutionGuid = {7803EB8B-F52E-47B7-8773-480A9C051B2E}
	EndGlobalSection
EndGlobal
