
Microsoft Visual Studio Solution File, Format Version 12.00
# Visual Studio Version 17
VisualStudioVersion = 17.6.33723.286
MinimumVisualStudioVersion = 10.0.40219.1
Project("{00D1A9C2-B5F0-4AF3-8072-F6C62B433612}") = "MS_SQL_SSDT", "MS_SQL_SSDT.sqlproj", "{F180C82E-B388-4F63-BC4D-92D0D208A7BA}"
EndProject
Global
	GlobalSection(SolutionConfigurationPlatforms) = preSolution
		Debug|Any CPU = Debug|Any CPU
		Release|Any CPU = Release|Any CPU
	EndGlobalSection
	GlobalSection(ProjectConfigurationPlatforms) = postSolution
		{F180C82E-B388-4F63-BC4D-92D0D208A7BA}.Debug|Any CPU.ActiveCfg = Debug|Any CPU
		{F180C82E-B388-4F63-BC4D-92D0D208A7BA}.Debug|Any CPU.Build.0 = Debug|Any CPU
		{F180C82E-B388-4F63-BC4D-92D0D208A7BA}.Debug|Any CPU.Deploy.0 = Debug|Any CPU
		{F180C82E-B388-4F63-BC4D-92D0D208A7BA}.Release|Any CPU.ActiveCfg = Release|Any CPU
		{F180C82E-B388-4F63-BC4D-92D0D208A7BA}.Release|Any CPU.Build.0 = Release|Any CPU
		{F180C82E-B388-4F63-BC4D-92D0D208A7BA}.Release|Any CPU.Deploy.0 = Release|Any CPU
	EndGlobalSection
	GlobalSection(SolutionProperties) = preSolution
		HideSolutionNode = FALSE
	EndGlobalSection
	GlobalSection(ExtensibilityGlobals) = postSolution
		SolutionGuid = {479A9217-59B9-48E2-AB26-768E0B4326E6}
	EndGlobalSection
EndGlobal
